
Microsoft Visual Studio Solution File, Format Version 12.00
# Visual Studio Version 16
VisualStudioVersion = 16.0.31727.386
MinimumVisualStudioVersion = 10.0.40219.1
Project("{FAE04EC0-301F-11D3-BF4B-00C04F79EFBC}") = "TinyGame", "TinyGame\TinyGame.csproj", "{61A8FBC0-9F55-467B-B635-087FC5AE6A62}"
EndProject
Global
	GlobalSection(SolutionConfigurationPlatforms) = preSolution
		Debug|Any CPU = Debug|Any CPU
		Release|Any CPU = Release|Any CPU
	EndGlobalSection
	GlobalSection(ProjectConfigurationPlatforms) = postSolution
		{61A8FBC0-9F55-467B-B635-087FC5AE6A62}.Debug|Any CPU.ActiveCfg = Debug|Any CPU
		{61A8FBC0-9F55-467B-B635-087FC5AE6A62}.Debug|Any CPU.Build.0 = Debug|Any CPU
		{61A8FBC0-9F55-467B-B635-087FC5AE6A62}.Release|Any CPU.ActiveCfg = Release|Any CPU
		{61A8FBC0-9F55-467B-B635-087FC5AE6A62}.Release|Any CPU.Build.0 = Release|Any CPU
	EndGlobalSection
	GlobalSection(SolutionProperties) = preSolution
		HideSolutionNode = FALSE
	EndGlobalSection
	GlobalSection(ExtensibilityGlobals) = postSolution
		SolutionGuid = {C810FA09-699F-415E-8154-952CF83D7D21}
	EndGlobalSection
EndGlobal
